
Microsoft Visual Studio Solution File, Format Version 12.00
# Visual Studio 15
Project("{FAE04EC0-301F-11D3-BF4B-00C04F79EFBC}") = "Assembly-CSharp", "Assembly-CSharp.csproj", "{E47F1D82-57B5-8944-017D-71D1DB45858D}"
EndProject
Project("{FAE04EC0-301F-11D3-BF4B-00C04F79EFBC}") = "Assembly-CSharp-Editor", "Assembly-CSharp-Editor.csproj", "{F9CEF574-3464-45B9-667D-6D4F10C4EC02}"
EndProject
Global
	GlobalSection(SolutionConfigurationPlatforms) = preSolution
		Debug|Any CPU = Debug|Any CPU
		Release|Any CPU = Release|Any CPU
	EndGlobalSection
	GlobalSection(ProjectConfigurationPlatforms) = postSolution
		{E47F1D82-57B5-8944-017D-71D1DB45858D}.Debug|Any CPU.ActiveCfg = Debug|Any CPU
		{E47F1D82-57B5-8944-017D-71D1DB45858D}.Debug|Any CPU.Build.0 = Debug|Any CPU
		{E47F1D82-57B5-8944-017D-71D1DB45858D}.Release|Any CPU.ActiveCfg = Release|Any CPU
		{E47F1D82-57B5-8944-017D-71D1DB45858D}.Release|Any CPU.Build.0 = Release|Any CPU
		{F9CEF574-3464-45B9-667D-6D4F10C4EC02}.Debug|Any CPU.ActiveCfg = Debug|Any CPU
		{F9CEF574-3464-45B9-667D-6D4F10C4EC02}.Debug|Any CPU.Build.0 = Debug|Any CPU
		{F9CEF574-3464-45B9-667D-6D4F10C4EC02}.Release|Any CPU.ActiveCfg = Release|Any CPU
		{F9CEF574-3464-45B9-667D-6D4F10C4EC02}.Release|Any CPU.Build.0 = Release|Any CPU
	EndGlobalSection
	GlobalSection(SolutionProperties) = preSolution
		HideSolutionNode = FALSE
	EndGlobalSection
EndGlobal
